
Microsoft Visual Studio Solution File, Format Version 12.00
# Visual Studio 15
VisualStudioVersion = 15.0.28307.2092
MinimumVisualStudioVersion = 10.0.40219.1
Project("{FAE04EC0-301F-11D3-BF4B-00C04F79EFBC}") = "Expense Tracker Program2", "Expense Tracker Program2\Expense Tracker Program2.csproj", "{DD1E484B-4D5F-4372-971F-E10DA7FA5E06}"
EndProject
Global
	GlobalSection(SolutionConfigurationPlatforms) = preSolution
		Debug|Any CPU = Debug|Any CPU
		Release|Any CPU = Release|Any CPU
	EndGlobalSection
	GlobalSection(ProjectConfigurationPlatforms) = postSolution
		{DD1E484B-4D5F-4372-971F-E10DA7FA5E06}.Debug|Any CPU.ActiveCfg = Debug|Any CPU
		{DD1E484B-4D5F-4372-971F-E10DA7FA5E06}.Debug|Any CPU.Build.0 = Debug|Any CPU
		{DD1E484B-4D5F-4372-971F-E10DA7FA5E06}.Release|Any CPU.ActiveCfg = Release|Any CPU
		{DD1E484B-4D5F-4372-971F-E10DA7FA5E06}.Release|Any CPU.Build.0 = Release|Any CPU
	EndGlobalSection
	GlobalSection(SolutionProperties) = preSolution
		HideSolutionNode = FALSE
	EndGlobalSection
	GlobalSection(ExtensibilityGlobals) = postSolution
		SolutionGuid = {3B7D73CF-8D07-4E17-AE59-063C493F0A4A}
	EndGlobalSection
EndGlobal
