
Microsoft Visual Studio Solution File, Format Version 12.00
# Visual Studio 15
VisualStudioVersion = 15.0.28307.2092
MinimumVisualStudioVersion = 10.0.40219.1
Project("{FAE04EC0-301F-11D3-BF4B-00C04F79EFBC}") = "Class Schedule Assistant", "Class Schedule Assistant\Class Schedule Assistant.csproj", "{7FD16022-E5EB-4FF5-AD6E-E89CB7438F65}"
EndProject
Global
	GlobalSection(SolutionConfigurationPlatforms) = preSolution
		Debug|Any CPU = Debug|Any CPU
		Release|Any CPU = Release|Any CPU
	EndGlobalSection
	GlobalSection(ProjectConfigurationPlatforms) = postSolution
		{7FD16022-E5EB-4FF5-AD6E-E89CB7438F65}.Debug|Any CPU.ActiveCfg = Debug|Any CPU
		{7FD16022-E5EB-4FF5-AD6E-E89CB7438F65}.Debug|Any CPU.Build.0 = Debug|Any CPU
		{7FD16022-E5EB-4FF5-AD6E-E89CB7438F65}.Release|Any CPU.ActiveCfg = Release|Any CPU
		{7FD16022-E5EB-4FF5-AD6E-E89CB7438F65}.Release|Any CPU.Build.0 = Release|Any CPU
	EndGlobalSection
	GlobalSection(SolutionProperties) = preSolution
		HideSolutionNode = FALSE
	EndGlobalSection
	GlobalSection(ExtensibilityGlobals) = postSolution
		SolutionGuid = {655587FD-C983-4122-AC7A-F5CF0FABC8C5}
	EndGlobalSection
EndGlobal
