
Microsoft Visual Studio Solution File, Format Version 12.00
# Visual Studio 15
VisualStudioVersion = 15.0.28307.2092
MinimumVisualStudioVersion = 10.0.40219.1
Project("{FAE04EC0-301F-11D3-BF4B-00C04F79EFBC}") = "Simple Reversi", "Simple Reversi\Simple Reversi.csproj", "{74C3A600-603D-47D8-BD23-2DBDC9A039B3}"
EndProject
Global
	GlobalSection(SolutionConfigurationPlatforms) = preSolution
		Debug|Any CPU = Debug|Any CPU
		Release|Any CPU = Release|Any CPU
	EndGlobalSection
	GlobalSection(ProjectConfigurationPlatforms) = postSolution
		{74C3A600-603D-47D8-BD23-2DBDC9A039B3}.Debug|Any CPU.ActiveCfg = Debug|Any CPU
		{74C3A600-603D-47D8-BD23-2DBDC9A039B3}.Debug|Any CPU.Build.0 = Debug|Any CPU
		{74C3A600-603D-47D8-BD23-2DBDC9A039B3}.Release|Any CPU.ActiveCfg = Release|Any CPU
		{74C3A600-603D-47D8-BD23-2DBDC9A039B3}.Release|Any CPU.Build.0 = Release|Any CPU
	EndGlobalSection
	GlobalSection(SolutionProperties) = preSolution
		HideSolutionNode = FALSE
	EndGlobalSection
	GlobalSection(ExtensibilityGlobals) = postSolution
		SolutionGuid = {91DBE0D5-34B3-4FFB-9A77-A7740A37458D}
	EndGlobalSection
EndGlobal
