
Microsoft Visual Studio Solution File, Format Version 12.00
# Visual Studio 15
VisualStudioVersion = 15.0.28307.2092
MinimumVisualStudioVersion = 10.0.40219.1
Project("{FAE04EC0-301F-11D3-BF4B-00C04F79EFBC}") = "Stacking Game", "Stacking Game\Stacking Game.csproj", "{29EADA88-2C57-4AE7-9133-6DCC6901C66F}"
EndProject
Global
	GlobalSection(SolutionConfigurationPlatforms) = preSolution
		Debug|Any CPU = Debug|Any CPU
		Release|Any CPU = Release|Any CPU
	EndGlobalSection
	GlobalSection(ProjectConfigurationPlatforms) = postSolution
		{29EADA88-2C57-4AE7-9133-6DCC6901C66F}.Debug|Any CPU.ActiveCfg = Debug|Any CPU
		{29EADA88-2C57-4AE7-9133-6DCC6901C66F}.Debug|Any CPU.Build.0 = Debug|Any CPU
		{29EADA88-2C57-4AE7-9133-6DCC6901C66F}.Release|Any CPU.ActiveCfg = Release|Any CPU
		{29EADA88-2C57-4AE7-9133-6DCC6901C66F}.Release|Any CPU.Build.0 = Release|Any CPU
	EndGlobalSection
	GlobalSection(SolutionProperties) = preSolution
		HideSolutionNode = FALSE
	EndGlobalSection
	GlobalSection(ExtensibilityGlobals) = postSolution
		SolutionGuid = {B5DC00A7-763F-4BE0-A2CF-63F37445D884}
	EndGlobalSection
EndGlobal
